
Microsoft Visual Studio Solution File, Format Version 12.00
# Visual Studio Version 17
VisualStudioVersion = 17.9.34714.143
MinimumVisualStudioVersion = 10.0.40219.1
Project("{FAE04EC0-301F-11D3-BF4B-00C04F79EFBC}") = "Model_!", "Model_!\Model_!.csproj", "{4002876C-DE8A-412D-B2A3-6B9663FCC999}"
EndProject
Global
	GlobalSection(SolutionConfigurationPlatforms) = preSolution
		Debug|Any CPU = Debug|Any CPU
		Release|Any CPU = Release|Any CPU
	EndGlobalSection
	GlobalSection(ProjectConfigurationPlatforms) = postSolution
		{4002876C-DE8A-412D-B2A3-6B9663FCC999}.Debug|Any CPU.ActiveCfg = Debug|Any CPU
		{4002876C-DE8A-412D-B2A3-6B9663FCC999}.Debug|Any CPU.Build.0 = Debug|Any CPU
		{4002876C-DE8A-412D-B2A3-6B9663FCC999}.Release|Any CPU.ActiveCfg = Release|Any CPU
		{4002876C-DE8A-412D-B2A3-6B9663FCC999}.Release|Any CPU.Build.0 = Release|Any CPU
	EndGlobalSection
	GlobalSection(SolutionProperties) = preSolution
		HideSolutionNode = FALSE
	EndGlobalSection
	GlobalSection(ExtensibilityGlobals) = postSolution
		SolutionGuid = {42FC299A-02AB-4DC0-8416-B30953CBFE7A}
	EndGlobalSection
EndGlobal
